{
  "name": "@jikurata/logger",
  "version": "0.2.0",
  "lockfileVersion": 1,
  "requires": true,
  "dependencies": {
    "@dweomercraft/events": {
      "version": "2.4.2",
      "resolved": "https://registry.npmjs.org/@dweomercraft/events/-/events-2.4.2.tgz",
      "integrity": "sha512-sh56idsUwL1BnfX/do9oInJ2Cbf6z4gcgjyCPo2M7drZcGKQ2cCq9AGav5Y5lUS0O79bvxNHJIJ04zmMuM4deA==",
      "dev": true
    },
    "@jikurata/taste": {
      "version": "0.0.3",
      "resolved": "https://registry.npmjs.org/@jikurata/taste/-/taste-0.0.3.tgz",
      "integrity": "sha512-j9w9zg+tJDrNVX4+XwwAD3dJaQ3eIN7+hr85XVrgxUinLARH/9CEyU2uB3WKrxEGtGkcJCUOPLyDEJKzlLdRfw==",
      "dev": true,
      "requires": {
        "@dweomercraft/events": "^2.4.2"
      }
    }
  }
}
